
Microsoft Visual Studio Solution File, Format Version 12.00
# Visual Studio Version 16
VisualStudioVersion = 16.0.29709.97
MinimumVisualStudioVersion = 10.0.40219.1
Project("{FAE04EC0-301F-11D3-BF4B-00C04F79EFBC}") = "ProyectoII", "ProyectoII\ProyectoII.csproj", "{09F1A4A2-32AC-4439-980A-AD0BEAFF922A}"
EndProject
Project("{FAE04EC0-301F-11D3-BF4B-00C04F79EFBC}") = "CapaDatos", "CapaDatos\CapaDatos.csproj", "{0006EE78-E472-4046-930A-95FA8F8A84BF}"
EndProject
Project("{FAE04EC0-301F-11D3-BF4B-00C04F79EFBC}") = "CapaNegocios", "CapaNegocios\CapaNegocios.csproj", "{BA0495BA-AADC-426A-AF26-B36AF1114312}"
EndProject
Global
	GlobalSection(SolutionConfigurationPlatforms) = preSolution
		Debug|Any CPU = Debug|Any CPU
		Release|Any CPU = Release|Any CPU
	EndGlobalSection
	GlobalSection(ProjectConfigurationPlatforms) = postSolution
		{09F1A4A2-32AC-4439-980A-AD0BEAFF922A}.Debug|Any CPU.ActiveCfg = Debug|Any CPU
		{09F1A4A2-32AC-4439-980A-AD0BEAFF922A}.Debug|Any CPU.Build.0 = Debug|Any CPU
		{09F1A4A2-32AC-4439-980A-AD0BEAFF922A}.Release|Any CPU.ActiveCfg = Release|Any CPU
		{09F1A4A2-32AC-4439-980A-AD0BEAFF922A}.Release|Any CPU.Build.0 = Release|Any CPU
		{0006EE78-E472-4046-930A-95FA8F8A84BF}.Debug|Any CPU.ActiveCfg = Debug|Any CPU
		{0006EE78-E472-4046-930A-95FA8F8A84BF}.Debug|Any CPU.Build.0 = Debug|Any CPU
		{0006EE78-E472-4046-930A-95FA8F8A84BF}.Release|Any CPU.ActiveCfg = Release|Any CPU
		{0006EE78-E472-4046-930A-95FA8F8A84BF}.Release|Any CPU.Build.0 = Release|Any CPU
		{BA0495BA-AADC-426A-AF26-B36AF1114312}.Debug|Any CPU.ActiveCfg = Debug|Any CPU
		{BA0495BA-AADC-426A-AF26-B36AF1114312}.Debug|Any CPU.Build.0 = Debug|Any CPU
		{BA0495BA-AADC-426A-AF26-B36AF1114312}.Release|Any CPU.ActiveCfg = Release|Any CPU
		{BA0495BA-AADC-426A-AF26-B36AF1114312}.Release|Any CPU.Build.0 = Release|Any CPU
	EndGlobalSection
	GlobalSection(SolutionProperties) = preSolution
		HideSolutionNode = FALSE
	EndGlobalSection
	GlobalSection(ExtensibilityGlobals) = postSolution
		SolutionGuid = {CB8A4803-4F5F-43BB-B6A2-EDFE570DE69D}
	EndGlobalSection
EndGlobal
